
Microsoft Visual Studio Solution File, Format Version 12.00
# Visual Studio 15
VisualStudioVersion = 15.0.28307.1259
MinimumVisualStudioVersion = 10.0.40219.1
Project("{8BC9CEB8-8B4A-11D0-8D11-00A0C91BC942}") = "Network", "Network\Network.vcxproj", "{B12702AD-ABFB-343A-A199-8E24837244A3}"
EndProject
Project("{8BC9CEB8-8B4A-11D0-8D11-00A0C91BC942}") = "DataBase", "DataBase\DataBase.vcxproj", "{48B4BE09-31FB-49A1-B153-8DC27767E95E}"
EndProject
Project("{8BC9CEB8-8B4A-11D0-8D11-00A0C91BC942}") = "CommonUse", "CommonUse\CommonUse.vcxproj", "{51A0CAFB-8F50-4134-BE7C-30E6C60D39EB}"
EndProject
Project("{8BC9CEB8-8B4A-11D0-8D11-00A0C91BC942}") = "MainApp", "MainApp\MainApp.vcxproj", "{92A75B01-7CC3-4D26-A0BA-235EDE4371F0}"
EndProject
Project("{8BC9CEB8-8B4A-11D0-8D11-00A0C91BC942}") = "CommonGui", "CommonGui\CommonGui.vcxproj", "{1D4516D1-DDBE-4C97-8C89-28CE53077917}"
EndProject
Global
	GlobalSection(SolutionConfigurationPlatforms) = preSolution
		Debug|x64 = Debug|x64
		Debug|x86 = Debug|x86
		new_release|x64 = new_release|x64
		new_release|x86 = new_release|x86
		release_x86|x64 = release_x86|x64
		release_x86|x86 = release_x86|x86
		Release|x64 = Release|x64
		Release|x86 = Release|x86
	EndGlobalSection
	GlobalSection(ProjectConfigurationPlatforms) = postSolution
		{B12702AD-ABFB-343A-A199-8E24837244A3}.Debug|x64.ActiveCfg = Debug|x64
		{B12702AD-ABFB-343A-A199-8E24837244A3}.Debug|x64.Build.0 = Debug|x64
		{B12702AD-ABFB-343A-A199-8E24837244A3}.Debug|x86.ActiveCfg = Debug|Win32
		{B12702AD-ABFB-343A-A199-8E24837244A3}.Debug|x86.Build.0 = Debug|Win32
		{B12702AD-ABFB-343A-A199-8E24837244A3}.new_release|x64.ActiveCfg = new_release|x64
		{B12702AD-ABFB-343A-A199-8E24837244A3}.new_release|x64.Build.0 = new_release|x64
		{B12702AD-ABFB-343A-A199-8E24837244A3}.new_release|x86.ActiveCfg = new_release|Win32
		{B12702AD-ABFB-343A-A199-8E24837244A3}.new_release|x86.Build.0 = new_release|Win32
		{B12702AD-ABFB-343A-A199-8E24837244A3}.release_x86|x64.ActiveCfg = release_x86|x64
		{B12702AD-ABFB-343A-A199-8E24837244A3}.release_x86|x64.Build.0 = release_x86|x64
		{B12702AD-ABFB-343A-A199-8E24837244A3}.release_x86|x86.ActiveCfg = release_x86|Win32
		{B12702AD-ABFB-343A-A199-8E24837244A3}.release_x86|x86.Build.0 = release_x86|Win32
		{B12702AD-ABFB-343A-A199-8E24837244A3}.Release|x64.ActiveCfg = Release|x64
		{B12702AD-ABFB-343A-A199-8E24837244A3}.Release|x64.Build.0 = Release|x64
		{B12702AD-ABFB-343A-A199-8E24837244A3}.Release|x86.ActiveCfg = Release|Win32
		{B12702AD-ABFB-343A-A199-8E24837244A3}.Release|x86.Build.0 = Release|Win32
		{48B4BE09-31FB-49A1-B153-8DC27767E95E}.Debug|x64.ActiveCfg = Debug|x64
		{48B4BE09-31FB-49A1-B153-8DC27767E95E}.Debug|x64.Build.0 = Debug|x64
		{48B4BE09-31FB-49A1-B153-8DC27767E95E}.Debug|x86.ActiveCfg = Debug|Win32
		{48B4BE09-31FB-49A1-B153-8DC27767E95E}.Debug|x86.Build.0 = Debug|Win32
		{48B4BE09-31FB-49A1-B153-8DC27767E95E}.new_release|x64.ActiveCfg = new_release|x64
		{48B4BE09-31FB-49A1-B153-8DC27767E95E}.new_release|x64.Build.0 = new_release|x64
		{48B4BE09-31FB-49A1-B153-8DC27767E95E}.new_release|x86.ActiveCfg = new_release|Win32
		{48B4BE09-31FB-49A1-B153-8DC27767E95E}.new_release|x86.Build.0 = new_release|Win32
		{48B4BE09-31FB-49A1-B153-8DC27767E95E}.release_x86|x64.ActiveCfg = release_x86|x64
		{48B4BE09-31FB-49A1-B153-8DC27767E95E}.release_x86|x64.Build.0 = release_x86|x64
		{48B4BE09-31FB-49A1-B153-8DC27767E95E}.release_x86|x86.ActiveCfg = release_x86|Win32
		{48B4BE09-31FB-49A1-B153-8DC27767E95E}.release_x86|x86.Build.0 = release_x86|Win32
		{48B4BE09-31FB-49A1-B153-8DC27767E95E}.Release|x64.ActiveCfg = Release|x64
		{48B4BE09-31FB-49A1-B153-8DC27767E95E}.Release|x64.Build.0 = Release|x64
		{48B4BE09-31FB-49A1-B153-8DC27767E95E}.Release|x86.ActiveCfg = Release|Win32
		{48B4BE09-31FB-49A1-B153-8DC27767E95E}.Release|x86.Build.0 = Release|Win32
		{51A0CAFB-8F50-4134-BE7C-30E6C60D39EB}.Debug|x64.ActiveCfg = Debug|x64
		{51A0CAFB-8F50-4134-BE7C-30E6C60D39EB}.Debug|x64.Build.0 = Debug|x64
		{51A0CAFB-8F50-4134-BE7C-30E6C60D39EB}.Debug|x86.ActiveCfg = Debug|Win32
		{51A0CAFB-8F50-4134-BE7C-30E6C60D39EB}.Debug|x86.Build.0 = Debug|Win32
		{51A0CAFB-8F50-4134-BE7C-30E6C60D39EB}.new_release|x64.ActiveCfg = new_release|x64
		{51A0CAFB-8F50-4134-BE7C-30E6C60D39EB}.new_release|x64.Build.0 = new_release|x64
		{51A0CAFB-8F50-4134-BE7C-30E6C60D39EB}.new_release|x86.ActiveCfg = new_release|Win32
		{51A0CAFB-8F50-4134-BE7C-30E6C60D39EB}.new_release|x86.Build.0 = new_release|Win32
		{51A0CAFB-8F50-4134-BE7C-30E6C60D39EB}.release_x86|x64.ActiveCfg = release_x86|x64
		{51A0CAFB-8F50-4134-BE7C-30E6C60D39EB}.release_x86|x64.Build.0 = release_x86|x64
		{51A0CAFB-8F50-4134-BE7C-30E6C60D39EB}.release_x86|x86.ActiveCfg = release_x86|Win32
		{51A0CAFB-8F50-4134-BE7C-30E6C60D39EB}.release_x86|x86.Build.0 = release_x86|Win32
		{51A0CAFB-8F50-4134-BE7C-30E6C60D39EB}.Release|x64.ActiveCfg = Release|x64
		{51A0CAFB-8F50-4134-BE7C-30E6C60D39EB}.Release|x64.Build.0 = Release|x64
		{51A0CAFB-8F50-4134-BE7C-30E6C60D39EB}.Release|x86.ActiveCfg = Release|Win32
		{51A0CAFB-8F50-4134-BE7C-30E6C60D39EB}.Release|x86.Build.0 = Release|Win32
		{92A75B01-7CC3-4D26-A0BA-235EDE4371F0}.Debug|x64.ActiveCfg = Debug|x64
		{92A75B01-7CC3-4D26-A0BA-235EDE4371F0}.Debug|x64.Build.0 = Debug|x64
		{92A75B01-7CC3-4D26-A0BA-235EDE4371F0}.Debug|x86.ActiveCfg = Debug|Win32
		{92A75B01-7CC3-4D26-A0BA-235EDE4371F0}.Debug|x86.Build.0 = Debug|Win32
		{92A75B01-7CC3-4D26-A0BA-235EDE4371F0}.new_release|x64.ActiveCfg = new_release|x64
		{92A75B01-7CC3-4D26-A0BA-235EDE4371F0}.new_release|x64.Build.0 = new_release|x64
		{92A75B01-7CC3-4D26-A0BA-235EDE4371F0}.new_release|x86.ActiveCfg = new_release|Win32
		{92A75B01-7CC3-4D26-A0BA-235EDE4371F0}.new_release|x86.Build.0 = new_release|Win32
		{92A75B01-7CC3-4D26-A0BA-235EDE4371F0}.release_x86|x64.ActiveCfg = release_x86|x64
		{92A75B01-7CC3-4D26-A0BA-235EDE4371F0}.release_x86|x64.Build.0 = release_x86|x64
		{92A75B01-7CC3-4D26-A0BA-235EDE4371F0}.release_x86|x86.ActiveCfg = release_x86|Win32
		{92A75B01-7CC3-4D26-A0BA-235EDE4371F0}.release_x86|x86.Build.0 = release_x86|Win32
		{92A75B01-7CC3-4D26-A0BA-235EDE4371F0}.Release|x64.ActiveCfg = Release|x64
		{92A75B01-7CC3-4D26-A0BA-235EDE4371F0}.Release|x64.Build.0 = Release|x64
		{92A75B01-7CC3-4D26-A0BA-235EDE4371F0}.Release|x86.ActiveCfg = Release|Win32
		{92A75B01-7CC3-4D26-A0BA-235EDE4371F0}.Release|x86.Build.0 = Release|Win32
		{1D4516D1-DDBE-4C97-8C89-28CE53077917}.Debug|x64.ActiveCfg = Debug|x64
		{1D4516D1-DDBE-4C97-8C89-28CE53077917}.Debug|x64.Build.0 = Debug|x64
		{1D4516D1-DDBE-4C97-8C89-28CE53077917}.Debug|x86.ActiveCfg = Debug|Win32
		{1D4516D1-DDBE-4C97-8C89-28CE53077917}.Debug|x86.Build.0 = Debug|Win32
		{1D4516D1-DDBE-4C97-8C89-28CE53077917}.new_release|x64.ActiveCfg = new_release|x64
		{1D4516D1-DDBE-4C97-8C89-28CE53077917}.new_release|x64.Build.0 = new_release|x64
		{1D4516D1-DDBE-4C97-8C89-28CE53077917}.new_release|x86.ActiveCfg = new_release|Win32
		{1D4516D1-DDBE-4C97-8C89-28CE53077917}.new_release|x86.Build.0 = new_release|Win32
		{1D4516D1-DDBE-4C97-8C89-28CE53077917}.release_x86|x64.ActiveCfg = release_x86|x64
		{1D4516D1-DDBE-4C97-8C89-28CE53077917}.release_x86|x64.Build.0 = release_x86|x64
		{1D4516D1-DDBE-4C97-8C89-28CE53077917}.release_x86|x86.ActiveCfg = release_x86|Win32
		{1D4516D1-DDBE-4C97-8C89-28CE53077917}.release_x86|x86.Build.0 = release_x86|Win32
		{1D4516D1-DDBE-4C97-8C89-28CE53077917}.Release|x64.ActiveCfg = Release|x64
		{1D4516D1-DDBE-4C97-8C89-28CE53077917}.Release|x64.Build.0 = Release|x64
		{1D4516D1-DDBE-4C97-8C89-28CE53077917}.Release|x86.ActiveCfg = Release|Win32
		{1D4516D1-DDBE-4C97-8C89-28CE53077917}.Release|x86.Build.0 = Release|Win32
	EndGlobalSection
	GlobalSection(SolutionProperties) = preSolution
		HideSolutionNode = FALSE
	EndGlobalSection
	GlobalSection(ExtensibilityGlobals) = postSolution
		Qt5Version = msvc2017_32
		SolutionGuid = {16B9E533-CA42-4F07-8A68-BE15CEBF4733}
	EndGlobalSection
EndGlobal
