<?xml version="1.0" encoding="utf-8"?>
<Project ToolsVersion="4.0" xmlns="http://schemas.microsoft.com/developer/msbuild/2003">
  <ItemGroup>
    <Filter Include="Source Files">
      <UniqueIdentifier>{4FC737F1-C7A5-4376-A066-2A32D752A2FF}</UniqueIdentifier>
      <Extensions>cpp;c;cc;cxx;def;odl;idl;hpj;bat;asm;asmx</Extensions>
    </Filter>
    <Filter Include="Header Files">
      <UniqueIdentifier>{93995380-89BD-4b04-88EB-625FBE52EBFB}</UniqueIdentifier>
      <Extensions>h;hh;hpp;hxx;hm;inl;inc;xsd</Extensions>
    </Filter>
    <Filter Include="Resource Files">
      <UniqueIdentifier>{D9D6E242-F8AF-46E4-B9FD-80ECBC20BA3E}</UniqueIdentifier>
      <Extensions>qrc;*</Extensions>
      <ParseFiles>false</ParseFiles>
    </Filter>
    <Filter Include="Form Files">
      <UniqueIdentifier>{99349809-55BA-4b9d-BF79-8FDBB0286EB3}</UniqueIdentifier>
      <Extensions>ui</Extensions>
    </Filter>
    <Filter Include="Resource Files">
      <UniqueIdentifier>{D9D6E242-F8AF-46E4-B9FD-80ECBC20BA3E}</UniqueIdentifier>
      <Extensions>qrc;*</Extensions>
      <ParseFiles>false</ParseFiles>
    </Filter>
    <Filter Include="Generated Files">
      <UniqueIdentifier>{71ED8ED8-ACB9-4CE9-BBE1-E00B30144E11}</UniqueIdentifier>
      <Extensions>moc;h;cpp</Extensions>
      <SourceControlFiles>False</SourceControlFiles>
    </Filter>
    <Filter Include="Source Files\delegate">
      <UniqueIdentifier>{82eef738-d44b-4f74-8a5e-632ea3d1bbf5}</UniqueIdentifier>
    </Filter>
    <Filter Include="Source Files\Ui">
      <UniqueIdentifier>{a58b7d5b-1e64-47c0-958b-3881c471ce7d}</UniqueIdentifier>
    </Filter>
    <Filter Include="Generated Files\Debug">
      <UniqueIdentifier>{2203108b-04a2-41cc-8842-3c3f2ef1c230}</UniqueIdentifier>
      <Extensions>cpp;moc</Extensions>
      <SourceControlFiles>False</SourceControlFiles>
    </Filter>
    <Filter Include="Generated Files\Release">
      <UniqueIdentifier>{fc20006e-f1c4-4b6f-97ca-a8b19c7aa6ef}</UniqueIdentifier>
      <Extensions>cpp;moc</Extensions>
      <SourceControlFiles>False</SourceControlFiles>
    </Filter>
    <Filter Include="Source Files\CustomModel">
      <UniqueIdentifier>{e9d86fbd-1395-4140-9ee1-85c0228c8ebb}</UniqueIdentifier>
    </Filter>
  </ItemGroup>
  <ItemGroup>
    <QtRcc Include="BRSystem.qrc">
      <Filter>Resource Files</Filter>
    </QtRcc>
  </ItemGroup>
  <ItemGroup>
    <ClInclude Include="resource.h">
      <Filter>Header Files</Filter>
    </ClInclude>
    <ClInclude Include="src\CStyleManager.h">
      <Filter>Header Files</Filter>
    </ClInclude>
    <ClInclude Include="src\define.h">
      <Filter>Header Files</Filter>
    </ClInclude>
    <ClInclude Include="src\resource.h">
      <Filter>Header Files</Filter>
    </ClInclude>
  </ItemGroup>
  <ItemGroup>
    <ResourceCompile Include="src\BRSystem.rc" />
  </ItemGroup>
  <ItemGroup>
    <Image Include="images\app.ico" />
  </ItemGroup>
  <ItemGroup>
    <ClCompile Include="src\main.cpp">
      <Filter>Source Files</Filter>
    </ClCompile>
    <ClCompile Include="src\SortFilterProxyModel.cpp">
      <Filter>Source Files\CustomModel</Filter>
    </ClCompile>
    <ClCompile Include="src\StyledDelegate.cpp">
      <Filter>Source Files\delegate</Filter>
    </ClCompile>
    <ClCompile Include="src\ReadOnlyDelegate.cpp">
      <Filter>Source Files\delegate</Filter>
    </ClCompile>
    <ClCompile Include="src\FilterBtnDelegate.cpp">
      <Filter>Source Files\delegate</Filter>
    </ClCompile>
    <ClCompile Include="src\ComboBoxDelegate.cpp">
      <Filter>Source Files\delegate</Filter>
    </ClCompile>
    <ClCompile Include="src\CheckBoxDelegate.cpp">
      <Filter>Source Files\delegate</Filter>
    </ClCompile>
    <ClCompile Include="src\BaseWidget.cpp">
      <Filter>Source Files\Ui</Filter>
    </ClCompile>
    <ClCompile Include="src\BRSystem.cpp">
      <Filter>Source Files\Ui</Filter>
    </ClCompile>
    <ClCompile Include="src\CEditInfoDialog.cpp">
      <Filter>Source Files\Ui</Filter>
    </ClCompile>
    <ClCompile Include="src\CSearchLineEdit.cpp">
      <Filter>Source Files\Ui</Filter>
    </ClCompile>
    <ClCompile Include="src\CShadowUiContainer.cpp">
      <Filter>Source Files\Ui</Filter>
    </ClCompile>
    <ClCompile Include="src\CSkinItem.cpp">
      <Filter>Source Files\Ui</Filter>
    </ClCompile>
    <ClCompile Include="src\CStyleManager.cpp">
      <Filter>Source Files\Ui</Filter>
    </ClCompile>
    <ClCompile Include="src\CUiCenter.cpp">
      <Filter>Source Files\Ui</Filter>
    </ClCompile>
    <ClCompile Include="src\CUiTop.cpp">
      <Filter>Source Files\Ui</Filter>
    </ClCompile>
    <ClCompile Include="src\PopupDialogContainer.cpp">
      <Filter>Source Files\Ui</Filter>
    </ClCompile>
    <ClCompile Include="src\UiChangeSkin.cpp">
      <Filter>Source Files\Ui</Filter>
    </ClCompile>
    <ClCompile Include="src\UiLogin.cpp">
      <Filter>Source Files\Ui</Filter>
    </ClCompile>
  </ItemGroup>
  <ItemGroup>
    <QtMoc Include="src\BaseWidget.h">
      <Filter>Header Files</Filter>
    </QtMoc>
    <QtMoc Include="src\BRSystem.h">
      <Filter>Header Files</Filter>
    </QtMoc>
    <QtMoc Include="src\CEditInfoDialog.h">
      <Filter>Header Files</Filter>
    </QtMoc>
    <QtMoc Include="src\CheckBoxDelegate.h">
      <Filter>Header Files</Filter>
    </QtMoc>
    <QtMoc Include="src\ComboBoxDelegate.h">
      <Filter>Header Files</Filter>
    </QtMoc>
    <QtMoc Include="src\CSearchLineEdit.h">
      <Filter>Header Files</Filter>
    </QtMoc>
    <QtMoc Include="src\CShadowUiContainer.h">
      <Filter>Header Files</Filter>
    </QtMoc>
    <QtMoc Include="src\CSkinItem.h">
      <Filter>Header Files</Filter>
    </QtMoc>
    <QtMoc Include="src\CUiCenter.h">
      <Filter>Header Files</Filter>
    </QtMoc>
    <QtMoc Include="src\CUiTop.h">
      <Filter>Header Files</Filter>
    </QtMoc>
    <QtMoc Include="src\FilterBtnDelegate.h">
      <Filter>Header Files</Filter>
    </QtMoc>
    <QtMoc Include="src\PopupDialogContainer.h">
      <Filter>Header Files</Filter>
    </QtMoc>
    <QtMoc Include="src\ReadOnlyDelegate.h">
      <Filter>Header Files</Filter>
    </QtMoc>
    <QtMoc Include="src\SortFilterProxyModel.h">
      <Filter>Header Files</Filter>
    </QtMoc>
    <QtMoc Include="src\StyledDelegate.h">
      <Filter>Header Files</Filter>
    </QtMoc>
    <QtMoc Include="src\UiChangeSkin.h">
      <Filter>Header Files</Filter>
    </QtMoc>
    <QtMoc Include="src\UiLogin.h">
      <Filter>Header Files</Filter>
    </QtMoc>
  </ItemGroup>
  <ItemGroup>
    <QtUic Include="src\CEditInfoDialog.ui">
      <Filter>Form Files</Filter>
    </QtUic>
    <QtUic Include="src\CUiTop.ui">
      <Filter>Form Files</Filter>
    </QtUic>
  </ItemGroup>
</Project>